{
  "name": "twigs-intellisense",
  "version": "0.0.1",
  "lockfileVersion": 1,
  "requires": true,
  "dependencies": {
    "twigs-intellisense-plugin": {
      "version": "0.0.2",
      "resolved": "https://registry.npmjs.org/twigs-intellisense-plugin/-/twigs-intellisense-plugin-0.0.2.tgz",
      "integrity": "sha512-ETaqj6zUvNTlzblhy+TZKDqU6Z67T2nDoq3VJLF+5tG3wF7FfWduqo4DjykGMwDufkD3k4Po4KSlyRPHV2C/iA=="
    }
  }
}
